
Microsoft Visual Studio Solution File, Format Version 12.00
# Visual Studio Version 17
VisualStudioVersion = 17.9.34616.47
MinimumVisualStudioVersion = 10.0.40219.1
Project("{FAE04EC0-301F-11D3-BF4B-00C04F79EFBC}") = "ShoppingWebsite", "ShoppingWebsite.csproj", "{9E0F6C66-67A5-41BF-BB7A-87157EC3DDB1}"
EndProject
Global
	GlobalSection(SolutionConfigurationPlatforms) = preSolution
		Debug|Any CPU = Debug|Any CPU
		Release|Any CPU = Release|Any CPU
	EndGlobalSection
	GlobalSection(ProjectConfigurationPlatforms) = postSolution
		{9E0F6C66-67A5-41BF-BB7A-87157EC3DDB1}.Debug|Any CPU.ActiveCfg = Debug|Any CPU
		{9E0F6C66-67A5-41BF-BB7A-87157EC3DDB1}.Debug|Any CPU.Build.0 = Debug|Any CPU
		{9E0F6C66-67A5-41BF-BB7A-87157EC3DDB1}.Release|Any CPU.ActiveCfg = Release|Any CPU
		{9E0F6C66-67A5-41BF-BB7A-87157EC3DDB1}.Release|Any CPU.Build.0 = Release|Any CPU
	EndGlobalSection
	GlobalSection(SolutionProperties) = preSolution
		HideSolutionNode = FALSE
	EndGlobalSection
	GlobalSection(ExtensibilityGlobals) = postSolution
		SolutionGuid = {5DFE900E-E465-4490-B5DA-E327AF5E0C70}
	EndGlobalSection
EndGlobal
